
Microsoft Visual Studio Solution File, Format Version 12.00
# Visual Studio Version 17
VisualStudioVersion = 17.14.36518.9 d17.14
MinimumVisualStudioVersion = 10.0.40219.1
Project("{FAE04EC0-301F-11D3-BF4B-00C04F79EFBC}") = "fs-2025-assessment-1-74491", "fs-2025-assessment-1-74491\fs-2025-assessment-1-74491.csproj", "{C56E39CC-EA45-45B4-9C31-FD5871B5B1D8}"
EndProject
Global
	GlobalSection(SolutionConfigurationPlatforms) = preSolution
		Debug|Any CPU = Debug|Any CPU
		Release|Any CPU = Release|Any CPU
	EndGlobalSection
	GlobalSection(ProjectConfigurationPlatforms) = postSolution
		{C56E39CC-EA45-45B4-9C31-FD5871B5B1D8}.Debug|Any CPU.ActiveCfg = Debug|Any CPU
		{C56E39CC-EA45-45B4-9C31-FD5871B5B1D8}.Debug|Any CPU.Build.0 = Debug|Any CPU
		{C56E39CC-EA45-45B4-9C31-FD5871B5B1D8}.Release|Any CPU.ActiveCfg = Release|Any CPU
		{C56E39CC-EA45-45B4-9C31-FD5871B5B1D8}.Release|Any CPU.Build.0 = Release|Any CPU
	EndGlobalSection
	GlobalSection(SolutionProperties) = preSolution
		HideSolutionNode = FALSE
	EndGlobalSection
	GlobalSection(ExtensibilityGlobals) = postSolution
		SolutionGuid = {FA7E39C0-19A4-4952-BB44-3D0E6343BFA4}
	EndGlobalSection
EndGlobal
